
Microsoft Visual Studio Solution File, Format Version 12.00
# Visual Studio 15
VisualStudioVersion = 15.0.28307.902
MinimumVisualStudioVersion = 10.0.40219.1
Project("{00D1A9C2-B5F0-4AF3-8072-F6C62B433612}") = "AD_Database1", "AD_Database1\AD_Database1.sqlproj", "{35C9ED49-682C-43A7-BD0E-964E65AB5DED}"
EndProject
Global
	GlobalSection(SolutionConfigurationPlatforms) = preSolution
		Debug|Any CPU = Debug|Any CPU
		Release|Any CPU = Release|Any CPU
	EndGlobalSection
	GlobalSection(ProjectConfigurationPlatforms) = postSolution
		{35C9ED49-682C-43A7-BD0E-964E65AB5DED}.Debug|Any CPU.ActiveCfg = Debug|Any CPU
		{35C9ED49-682C-43A7-BD0E-964E65AB5DED}.Debug|Any CPU.Build.0 = Debug|Any CPU
		{35C9ED49-682C-43A7-BD0E-964E65AB5DED}.Debug|Any CPU.Deploy.0 = Debug|Any CPU
		{35C9ED49-682C-43A7-BD0E-964E65AB5DED}.Release|Any CPU.ActiveCfg = Release|Any CPU
		{35C9ED49-682C-43A7-BD0E-964E65AB5DED}.Release|Any CPU.Build.0 = Release|Any CPU
		{35C9ED49-682C-43A7-BD0E-964E65AB5DED}.Release|Any CPU.Deploy.0 = Release|Any CPU
	EndGlobalSection
	GlobalSection(SolutionProperties) = preSolution
		HideSolutionNode = FALSE
	EndGlobalSection
	GlobalSection(ExtensibilityGlobals) = postSolution
		SolutionGuid = {B03ADE58-5570-4113-8551-00BBDF02C787}
	EndGlobalSection
EndGlobal
